
Microsoft Visual Studio Solution File, Format Version 12.00
# Visual Studio 15
VisualStudioVersion = 15.0.27428.2015
MinimumVisualStudioVersion = 10.0.40219.1
Project("{8BC9CEB8-8B4A-11D0-8D11-00A0C91BC942}") = "car_rental", "car_rental\car_rental.vcxproj", "{7ED20CC6-588F-461A-A9CC-DC201412EEE9}"
EndProject
Project("{54435603-DBB4-11D2-8724-00A0C9A8B90C}") = "Setup", "Setup\Setup.vdproj", "{76963F89-6801-4B14-886B-F06AB3BC7670}"
EndProject
Global
	GlobalSection(SolutionConfigurationPlatforms) = preSolution
		Debug|x64 = Debug|x64
		Debug|x86 = Debug|x86
		Release|x64 = Release|x64
		Release|x86 = Release|x86
	EndGlobalSection
	GlobalSection(ProjectConfigurationPlatforms) = postSolution
		{7ED20CC6-588F-461A-A9CC-DC201412EEE9}.Debug|x64.ActiveCfg = Debug|x64
		{7ED20CC6-588F-461A-A9CC-DC201412EEE9}.Debug|x64.Build.0 = Debug|x64
		{7ED20CC6-588F-461A-A9CC-DC201412EEE9}.Debug|x86.ActiveCfg = Debug|Win32
		{7ED20CC6-588F-461A-A9CC-DC201412EEE9}.Debug|x86.Build.0 = Debug|Win32
		{7ED20CC6-588F-461A-A9CC-DC201412EEE9}.Release|x64.ActiveCfg = Release|x64
		{7ED20CC6-588F-461A-A9CC-DC201412EEE9}.Release|x64.Build.0 = Release|x64
		{7ED20CC6-588F-461A-A9CC-DC201412EEE9}.Release|x86.ActiveCfg = Release|Win32
		{7ED20CC6-588F-461A-A9CC-DC201412EEE9}.Release|x86.Build.0 = Release|Win32
		{76963F89-6801-4B14-886B-F06AB3BC7670}.Debug|x64.ActiveCfg = Debug
		{76963F89-6801-4B14-886B-F06AB3BC7670}.Debug|x86.ActiveCfg = Debug
		{76963F89-6801-4B14-886B-F06AB3BC7670}.Release|x64.ActiveCfg = Release
		{76963F89-6801-4B14-886B-F06AB3BC7670}.Release|x86.ActiveCfg = Release
	EndGlobalSection
	GlobalSection(SolutionProperties) = preSolution
		HideSolutionNode = FALSE
	EndGlobalSection
	GlobalSection(ExtensibilityGlobals) = postSolution
		SolutionGuid = {986B9567-A130-420B-966C-0C8E9F58BB96}
	EndGlobalSection
EndGlobal
